
Microsoft Visual Studio Solution File, Format Version 12.00
# Visual Studio Version 16
VisualStudioVersion = 16.0.30711.63
MinimumVisualStudioVersion = 10.0.40219.1
Project("{9A19103F-16F7-4668-BE54-9A1E7A4F7556}") = "Core", "Core\Core.csproj", "{BAA2707A-421E-4E9E-80D8-2A43CB94D538}"
EndProject
Project("{FAE04EC0-301F-11D3-BF4B-00C04F79EFBC}") = "Tests", "Tests\Tests.csproj", "{D5A5CF4B-203B-481C-A7D2-84AF869D4C18}"
	ProjectSection(ProjectDependencies) = postProject
		{BAA2707A-421E-4E9E-80D8-2A43CB94D538} = {BAA2707A-421E-4E9E-80D8-2A43CB94D538}
	EndProjectSection
EndProject
Global
	GlobalSection(SolutionConfigurationPlatforms) = preSolution
		Debug|Any CPU = Debug|Any CPU
		Release|Any CPU = Release|Any CPU
	EndGlobalSection
	GlobalSection(ProjectConfigurationPlatforms) = postSolution
		{BAA2707A-421E-4E9E-80D8-2A43CB94D538}.Debug|Any CPU.ActiveCfg = Debug|Any CPU
		{BAA2707A-421E-4E9E-80D8-2A43CB94D538}.Debug|Any CPU.Build.0 = Debug|Any CPU
		{BAA2707A-421E-4E9E-80D8-2A43CB94D538}.Release|Any CPU.ActiveCfg = Release|Any CPU
		{BAA2707A-421E-4E9E-80D8-2A43CB94D538}.Release|Any CPU.Build.0 = Release|Any CPU
		{D5A5CF4B-203B-481C-A7D2-84AF869D4C18}.Debug|Any CPU.ActiveCfg = Debug|Any CPU
		{D5A5CF4B-203B-481C-A7D2-84AF869D4C18}.Debug|Any CPU.Build.0 = Debug|Any CPU
		{D5A5CF4B-203B-481C-A7D2-84AF869D4C18}.Release|Any CPU.ActiveCfg = Release|Any CPU
		{D5A5CF4B-203B-481C-A7D2-84AF869D4C18}.Release|Any CPU.Build.0 = Release|Any CPU
	EndGlobalSection
	GlobalSection(SolutionProperties) = preSolution
		HideSolutionNode = FALSE
	EndGlobalSection
	GlobalSection(ExtensibilityGlobals) = postSolution
		SolutionGuid = {E6F70530-D0FF-4842-BD66-3A746D5E9CCE}
	EndGlobalSection
EndGlobal
